
Microsoft Visual Studio Solution File, Format Version 12.00
# Visual Studio Version 17
VisualStudioVersion = 17.8.34408.163
MinimumVisualStudioVersion = 10.0.40219.1
Project("{FAE04EC0-301F-11D3-BF4B-00C04F79EFBC}") = "Quick64.Desktop", "Quick64.Desktop\Quick64.Desktop.csproj", "{8466EEA0-1622-4074-A544-6106B68A7A04}"
EndProject
Global
	GlobalSection(SolutionConfigurationPlatforms) = preSolution
		Debug|Any CPU = Debug|Any CPU
		Release|Any CPU = Release|Any CPU
	EndGlobalSection
	GlobalSection(ProjectConfigurationPlatforms) = postSolution
		{8466EEA0-1622-4074-A544-6106B68A7A04}.Debug|Any CPU.ActiveCfg = Debug|Any CPU
		{8466EEA0-1622-4074-A544-6106B68A7A04}.Debug|Any CPU.Build.0 = Debug|Any CPU
		{8466EEA0-1622-4074-A544-6106B68A7A04}.Release|Any CPU.ActiveCfg = Release|Any CPU
		{8466EEA0-1622-4074-A544-6106B68A7A04}.Release|Any CPU.Build.0 = Release|Any CPU
	EndGlobalSection
	GlobalSection(SolutionProperties) = preSolution
		HideSolutionNode = FALSE
	EndGlobalSection
	GlobalSection(ExtensibilityGlobals) = postSolution
		SolutionGuid = {C99B46A3-2ED9-47FC-8A3E-DB1C9C8357E1}
	EndGlobalSection
EndGlobal
